<Solution>
  <Project Path="Assembly-CSharp.csproj" />
  <Project Path="Assembly-CSharp-Editor-firstpass.csproj" />
  <Project Path="LineworkLite.csproj" />
  <Project Path="Assembly-CSharp-firstpass.csproj" />
  <Project Path="CFXRRuntime.csproj" />
  <Project Path="CFXRDemo.csproj" />
  <Project Path="CFXREditor.csproj" />
  <Project Path="GridboxGeneratorLite.csproj" />
  <Project Path="LineworkLite.Editor.csproj" />
  <Project Path="Assembly-CSharp-Editor.csproj" />
  <Project Path="com.superjura.unity-zed-integration.csproj" />
  <Project Path="KinoBloom.Runtime.csproj" />
  <Project Path="CFXR.WelcomeScreen.csproj" />
  <Project Path="ToonyColorsPro.Demo.Editor.csproj" />
</Solution>
